// !$*UTF8*$!
{
	archiveVersion = 1;
	classes = {
	};
	objectVersion = 56;
	objects = {

/* Begin PBXBuildFile section */
		5B79F5652C5373210058D27B /* CalendarCell.swift in Sources */ = {isa = PBXBuildFile; fileRef = 5B79F5642C5373210058D27B /* CalendarCell.swift */; };
		5BB686692C3FD44500AC9628 /* AppDelegate.swift in Sources */ = {isa = PBXBuildFile; fileRef = 5BB686682C3FD44500AC9628 /* AppDelegate.swift */; };
		5BB6866B2C3FD44500AC9628 /* SceneDelegate.swift in Sources */ = {isa = PBXBuildFile; fileRef = 5BB6866A2C3FD44500AC9628 /* SceneDelegate.swift */; };
		5BB686702C3FD44500AC9628 /* Base in Resources */ = {isa = PBXBuildFile; fileRef = 5BB6866F2C3FD44500AC9628 /* Base */; };
		5BB686722C3FD44600AC9628 /* Assets.xcassets in Resources */ = {isa = PBXBuildFile; fileRef = 5BB686712C3FD44600AC9628 /* Assets.xcassets */; };
		5BB686752C3FD44600AC9628 /* Base in Resources */ = {isa = PBXBuildFile; fileRef = 5BB686742C3FD44600AC9628 /* Base */; };
		5BB686802C3FD44600AC9628 /* AlbaSalaryTests.swift in Sources */ = {isa = PBXBuildFile; fileRef = 5BB6867F2C3FD44600AC9628 /* AlbaSalaryTests.swift */; };
		5BB6868A2C3FD44600AC9628 /* AlbaSalaryUITests.swift in Sources */ = {isa = PBXBuildFile; fileRef = 5BB686892C3FD44600AC9628 /* AlbaSalaryUITests.swift */; };
		5BB6868C2C3FD44600AC9628 /* AlbaSalaryUITestsLaunchTests.swift in Sources */ = {isa = PBXBuildFile; fileRef = 5BB6868B2C3FD44600AC9628 /* AlbaSalaryUITestsLaunchTests.swift */; };
		5BB686992C46753500AC9628 /* CalendarViewController.swift in Sources */ = {isa = PBXBuildFile; fileRef = 5BB686982C46753500AC9628 /* CalendarViewController.swift */; };
		5BB6869B2C47A07500AC9628 /* CustomBarItem.swift in Sources */ = {isa = PBXBuildFile; fileRef = 5BB6869A2C47A07400AC9628 /* CustomBarItem.swift */; };
		5BB686A12C47A5AC00AC9628 /* UIBarButtonItem+CustomView.swift in Sources */ = {isa = PBXBuildFile; fileRef = 5BB686A02C47A5AC00AC9628 /* UIBarButtonItem+CustomView.swift */; };
		5BB686A52C47C19C00AC9628 /* DailyWorkInfo.swift in Sources */ = {isa = PBXBuildFile; fileRef = 5BB686A42C47C19C00AC9628 /* DailyWorkInfo.swift */; };
		5BB686A92C47C52F00AC9628 /* Storage.swift in Sources */ = {isa = PBXBuildFile; fileRef = 5BB686A82C47C52F00AC9628 /* Storage.swift */; };
		5BB686AB2C47C56400AC9628 /* DailyWorkInfoStorage.swift in Sources */ = {isa = PBXBuildFile; fileRef = 5BB686AA2C47C56400AC9628 /* DailyWorkInfoStorage.swift */; };
/* End PBXBuildFile section */

/* Begin PBXContainerItemProxy section */
		5BB6867C2C3FD44600AC9628 /* PBXContainerItemProxy */ = {
			isa = PBXContainerItemProxy;
			containerPortal = 5BB6865D2C3FD44500AC9628 /* Project object */;
			proxyType = 1;
			remoteGlobalIDString = 5BB686642C3FD44500AC9628;
			remoteInfo = AlbaSalary;
		};
		5BB686862C3FD44600AC9628 /* PBXContainerItemProxy */ = {
			isa = PBXContainerItemProxy;
			containerPortal = 5BB6865D2C3FD44500AC9628 /* Project object */;
			proxyType = 1;
			remoteGlobalIDString = 5BB686642C3FD44500AC9628;
			remoteInfo = AlbaSalary;
		};
/* End PBXContainerItemProxy section */

/* Begin PBXFileReference section */
		5B79F5642C5373210058D27B /* CalendarCell.swift */ = {isa = PBXFileReference; lastKnownFileType = sourcecode.swift; path = CalendarCell.swift; sourceTree = "<group>"; };
		5BB686652C3FD44500AC9628 /* AlbaWage.app */ = {isa = PBXFileReference; explicitFileType = wrapper.application; includeInIndex = 0; path = AlbaWage.app; sourceTree = BUILT_PRODUCTS_DIR; };
		5BB686682C3FD44500AC9628 /* AppDelegate.swift */ = {isa = PBXFileReference; lastKnownFileType = sourcecode.swift; path = AppDelegate.swift; sourceTree = "<group>"; };
		5BB6866A2C3FD44500AC9628 /* SceneDelegate.swift */ = {isa = PBXFileReference; lastKnownFileType = sourcecode.swift; path = SceneDelegate.swift; sourceTree = "<group>"; };
		5BB6866F2C3FD44500AC9628 /* Base */ = {isa = PBXFileReference; lastKnownFileType = file.storyboard; name = Base; path = Base.lproj/Main.storyboard; sourceTree = "<group>"; };
		5BB686712C3FD44600AC9628 /* Assets.xcassets */ = {isa = PBXFileReference; lastKnownFileType = folder.assetcatalog; path = Assets.xcassets; sourceTree = "<group>"; };
		5BB686742C3FD44600AC9628 /* Base */ = {isa = PBXFileReference; lastKnownFileType = file.storyboard; name = Base; path = Base.lproj/LaunchScreen.storyboard; sourceTree = "<group>"; };
		5BB686762C3FD44600AC9628 /* Info.plist */ = {isa = PBXFileReference; lastKnownFileType = text.plist.xml; path = Info.plist; sourceTree = "<group>"; };
		5BB6867B2C3FD44600AC9628 /* AlbaWageTests.xctest */ = {isa = PBXFileReference; explicitFileType = wrapper.cfbundle; includeInIndex = 0; path = AlbaWageTests.xctest; sourceTree = BUILT_PRODUCTS_DIR; };
		5BB6867F2C3FD44600AC9628 /* AlbaSalaryTests.swift */ = {isa = PBXFileReference; lastKnownFileType = sourcecode.swift; path = AlbaSalaryTests.swift; sourceTree = "<group>"; };
		5BB686852C3FD44600AC9628 /* AlbaWageUITests.xctest */ = {isa = PBXFileReference; explicitFileType = wrapper.cfbundle; includeInIndex = 0; path = AlbaWageUITests.xctest; sourceTree = BUILT_PRODUCTS_DIR; };
		5BB686892C3FD44600AC9628 /* AlbaSalaryUITests.swift */ = {isa = PBXFileReference; lastKnownFileType = sourcecode.swift; path = AlbaSalaryUITests.swift; sourceTree = "<group>"; };
		5BB6868B2C3FD44600AC9628 /* AlbaSalaryUITestsLaunchTests.swift */ = {isa = PBXFileReference; lastKnownFileType = sourcecode.swift; path = AlbaSalaryUITestsLaunchTests.swift; sourceTree = "<group>"; };
		5BB686982C46753500AC9628 /* CalendarViewController.swift */ = {isa = PBXFileReference; lastKnownFileType = sourcecode.swift; path = CalendarViewController.swift; sourceTree = "<group>"; };
		5BB6869A2C47A07400AC9628 /* CustomBarItem.swift */ = {isa = PBXFileReference; fileEncoding = 4; lastKnownFileType = sourcecode.swift; path = CustomBarItem.swift; sourceTree = "<group>"; };
		5BB686A02C47A5AC00AC9628 /* UIBarButtonItem+CustomView.swift */ = {isa = PBXFileReference; fileEncoding = 4; lastKnownFileType = sourcecode.swift; path = "UIBarButtonItem+CustomView.swift"; sourceTree = "<group>"; };
		5BB686A42C47C19C00AC9628 /* DailyWorkInfo.swift */ = {isa = PBXFileReference; lastKnownFileType = sourcecode.swift; path = DailyWorkInfo.swift; sourceTree = "<group>"; };
		5BB686A82C47C52F00AC9628 /* Storage.swift */ = {isa = PBXFileReference; lastKnownFileType = sourcecode.swift; path = Storage.swift; sourceTree = "<group>"; };
		5BB686AA2C47C56400AC9628 /* DailyWorkInfoStorage.swift */ = {isa = PBXFileReference; lastKnownFileType = sourcecode.swift; path = DailyWorkInfoStorage.swift; sourceTree = "<group>"; };
		5BB686AF2C47CC9900AC9628 /* ko */ = {isa = PBXFileReference; lastKnownFileType = text.plist.strings; name = ko; path = ko.lproj/Main.strings; sourceTree = "<group>"; };
		5BB686B02C47CC9900AC9628 /* ko */ = {isa = PBXFileReference; lastKnownFileType = text.plist.strings; name = ko; path = ko.lproj/LaunchScreen.strings; sourceTree = "<group>"; };
/* End PBXFileReference section */

/* Begin PBXFrameworksBuildPhase section */
		5BB686622C3FD44500AC9628 /* Frameworks */ = {
			isa = PBXFrameworksBuildPhase;
			buildActionMask = 2147483647;
			files = (
			);
			runOnlyForDeploymentPostprocessing = 0;
		};
		5BB686782C3FD44600AC9628 /* Frameworks */ = {
			isa = PBXFrameworksBuildPhase;
			buildActionMask = 2147483647;
			files = (
			);
			runOnlyForDeploymentPostprocessing = 0;
		};
		5BB686822C3FD44600AC9628 /* Frameworks */ = {
			isa = PBXFrameworksBuildPhase;
			buildActionMask = 2147483647;
			files = (
			);
			runOnlyForDeploymentPostprocessing = 0;
		};
/* End PBXFrameworksBuildPhase section */

/* Begin PBXGroup section */
		5BB6865C2C3FD44500AC9628 = {
			isa = PBXGroup;
			children = (
				5BB686672C3FD44500AC9628 /* AlbaWage */,
				5BB6867E2C3FD44600AC9628 /* AlbaWageTests */,
				5BB686882C3FD44600AC9628 /* AlbaWageUITests */,
				5BB686662C3FD44500AC9628 /* Products */,
			);
			sourceTree = "<group>";
		};
		5BB686662C3FD44500AC9628 /* Products */ = {
			isa = PBXGroup;
			children = (
				5BB686652C3FD44500AC9628 /* AlbaWage.app */,
				5BB6867B2C3FD44600AC9628 /* AlbaWageTests.xctest */,
				5BB686852C3FD44600AC9628 /* AlbaWageUITests.xctest */,
			);
			name = Products;
			sourceTree = "<group>";
		};
		5BB686672C3FD44500AC9628 /* AlbaWage */ = {
			isa = PBXGroup;
			children = (
				5BB686682C3FD44500AC9628 /* AppDelegate.swift */,
				5BB6866A2C3FD44500AC9628 /* SceneDelegate.swift */,
				5BB686AD2C47C62000AC9628 /* Views */,
				5BB686A62C47C49900AC9628 /* Model */,
				5BB686A72C47C51400AC9628 /* Storage */,
				5BB686AC2C47C60E00AC9628 /* Extension */,
				5BB686712C3FD44600AC9628 /* Assets.xcassets */,
				5BB686732C3FD44600AC9628 /* LaunchScreen.storyboard */,
				5BB686762C3FD44600AC9628 /* Info.plist */,
			);
			path = AlbaWage;
			sourceTree = "<group>";
		};
		5BB6867E2C3FD44600AC9628 /* AlbaWageTests */ = {
			isa = PBXGroup;
			children = (
				5BB6867F2C3FD44600AC9628 /* AlbaSalaryTests.swift */,
			);
			path = AlbaWageTests;
			sourceTree = "<group>";
		};
		5BB686882C3FD44600AC9628 /* AlbaWageUITests */ = {
			isa = PBXGroup;
			children = (
				5BB686892C3FD44600AC9628 /* AlbaSalaryUITests.swift */,
				5BB6868B2C3FD44600AC9628 /* AlbaSalaryUITestsLaunchTests.swift */,
			);
			path = AlbaWageUITests;
			sourceTree = "<group>";
		};
		5BB686A62C47C49900AC9628 /* Model */ = {
			isa = PBXGroup;
			children = (
				5BB686A42C47C19C00AC9628 /* DailyWorkInfo.swift */,
			);
			path = Model;
			sourceTree = "<group>";
		};
		5BB686A72C47C51400AC9628 /* Storage */ = {
			isa = PBXGroup;
			children = (
				5BB686A82C47C52F00AC9628 /* Storage.swift */,
				5BB686AA2C47C56400AC9628 /* DailyWorkInfoStorage.swift */,
			);
			path = Storage;
			sourceTree = "<group>";
		};
		5BB686AC2C47C60E00AC9628 /* Extension */ = {
			isa = PBXGroup;
			children = (
				5BB686A02C47A5AC00AC9628 /* UIBarButtonItem+CustomView.swift */,
			);
			path = Extension;
			sourceTree = "<group>";
		};
		5BB686AD2C47C62000AC9628 /* Views */ = {
			isa = PBXGroup;
			children = (
				5BB6866E2C3FD44500AC9628 /* Main.storyboard */,
				5BB686982C46753500AC9628 /* CalendarViewController.swift */,
				5B79F5642C5373210058D27B /* CalendarCell.swift */,
				5BB6869A2C47A07400AC9628 /* CustomBarItem.swift */,
			);
			path = Views;
			sourceTree = "<group>";
		};
/* End PBXGroup section */

/* Begin PBXNativeTarget section */
		5BB686642C3FD44500AC9628 /* AlbaWage */ = {
			isa = PBXNativeTarget;
			buildConfigurationList = 5BB6868F2C3FD44600AC9628 /* Build configuration list for PBXNativeTarget "AlbaWage" */;
			buildPhases = (
				5BB686612C3FD44500AC9628 /* Sources */,
				5BB686622C3FD44500AC9628 /* Frameworks */,
				5BB686632C3FD44500AC9628 /* Resources */,
			);
			buildRules = (
			);
			dependencies = (
			);
			name = AlbaWage;
			productName = AlbaSalary;
			productReference = 5BB686652C3FD44500AC9628 /* AlbaWage.app */;
			productType = "com.apple.product-type.application";
		};
		5BB6867A2C3FD44600AC9628 /* AlbaWageTests */ = {
			isa = PBXNativeTarget;
			buildConfigurationList = 5BB686922C3FD44600AC9628 /* Build configuration list for PBXNativeTarget "AlbaWageTests" */;
			buildPhases = (
				5BB686772C3FD44600AC9628 /* Sources */,
				5BB686782C3FD44600AC9628 /* Frameworks */,
				5BB686792C3FD44600AC9628 /* Resources */,
			);
			buildRules = (
			);
			dependencies = (
				5BB6867D2C3FD44600AC9628 /* PBXTargetDependency */,
			);
			name = AlbaWageTests;
			productName = AlbaSalaryTests;
			productReference = 5BB6867B2C3FD44600AC9628 /* AlbaWageTests.xctest */;
			productType = "com.apple.product-type.bundle.unit-test";
		};
		5BB686842C3FD44600AC9628 /* AlbaWageUITests */ = {
			isa = PBXNativeTarget;
			buildConfigurationList = 5BB686952C3FD44600AC9628 /* Build configuration list for PBXNativeTarget "AlbaWageUITests" */;
			buildPhases = (
				5BB686812C3FD44600AC9628 /* Sources */,
				5BB686822C3FD44600AC9628 /* Frameworks */,
				5BB686832C3FD44600AC9628 /* Resources */,
			);
			buildRules = (
			);
			dependencies = (
				5BB686872C3FD44600AC9628 /* PBXTargetDependency */,
			);
			name = AlbaWageUITests;
			productName = AlbaSalaryUITests;
			productReference = 5BB686852C3FD44600AC9628 /* AlbaWageUITests.xctest */;
			productType = "com.apple.product-type.bundle.ui-testing";
		};
/* End PBXNativeTarget section */

/* Begin PBXProject section */
		5BB6865D2C3FD44500AC9628 /* Project object */ = {
			isa = PBXProject;
			attributes = {
				BuildIndependentTargetsInParallel = 1;
				LastSwiftUpdateCheck = 1540;
				LastUpgradeCheck = 1540;
				TargetAttributes = {
					5BB686642C3FD44500AC9628 = {
						CreatedOnToolsVersion = 15.4;
					};
					5BB6867A2C3FD44600AC9628 = {
						CreatedOnToolsVersion = 15.4;
						TestTargetID = 5BB686642C3FD44500AC9628;
					};
					5BB686842C3FD44600AC9628 = {
						CreatedOnToolsVersion = 15.4;
						TestTargetID = 5BB686642C3FD44500AC9628;
					};
				};
			};
			buildConfigurationList = 5BB686602C3FD44500AC9628 /* Build configuration list for PBXProject "AlbaWage" */;
			compatibilityVersion = "Xcode 14.0";
			developmentRegion = ko;
			hasScannedForEncodings = 0;
			knownRegions = (
				en,
				Base,
				ko,
			);
			mainGroup = 5BB6865C2C3FD44500AC9628;
			productRefGroup = 5BB686662C3FD44500AC9628 /* Products */;
			projectDirPath = "";
			projectRoot = "";
			targets = (
				5BB686642C3FD44500AC9628 /* AlbaWage */,
				5BB6867A2C3FD44600AC9628 /* AlbaWageTests */,
				5BB686842C3FD44600AC9628 /* AlbaWageUITests */,
			);
		};
/* End PBXProject section */

/* Begin PBXResourcesBuildPhase section */
		5BB686632C3FD44500AC9628 /* Resources */ = {
			isa = PBXResourcesBuildPhase;
			buildActionMask = 2147483647;
			files = (
				5BB686722C3FD44600AC9628 /* Assets.xcassets in Resources */,
				5BB686752C3FD44600AC9628 /* Base in Resources */,
				5BB686702C3FD44500AC9628 /* Base in Resources */,
			);
			runOnlyForDeploymentPostprocessing = 0;
		};
		5BB686792C3FD44600AC9628 /* Resources */ = {
			isa = PBXResourcesBuildPhase;
			buildActionMask = 2147483647;
			files = (
			);
			runOnlyForDeploymentPostprocessing = 0;
		};
		5BB686832C3FD44600AC9628 /* Resources */ = {
			isa = PBXResourcesBuildPhase;
			buildActionMask = 2147483647;
			files = (
			);
			runOnlyForDeploymentPostprocessing = 0;
		};
/* End PBXResourcesBuildPhase section */

/* Begin PBXSourcesBuildPhase section */
		5BB686612C3FD44500AC9628 /* Sources */ = {
			isa = PBXSourcesBuildPhase;
			buildActionMask = 2147483647;
			files = (
				5BB686A52C47C19C00AC9628 /* DailyWorkInfo.swift in Sources */,
				5BB686A12C47A5AC00AC9628 /* UIBarButtonItem+CustomView.swift in Sources */,
				5BB686AB2C47C56400AC9628 /* DailyWorkInfoStorage.swift in Sources */,
				5BB686992C46753500AC9628 /* CalendarViewController.swift in Sources */,
				5B79F5652C5373210058D27B /* CalendarCell.swift in Sources */,
				5BB686A92C47C52F00AC9628 /* Storage.swift in Sources */,
				5BB6869B2C47A07500AC9628 /* CustomBarItem.swift in Sources */,
				5BB686692C3FD44500AC9628 /* AppDelegate.swift in Sources */,
				5BB6866B2C3FD44500AC9628 /* SceneDelegate.swift in Sources */,
			);
			runOnlyForDeploymentPostprocessing = 0;
		};
		5BB686772C3FD44600AC9628 /* Sources */ = {
			isa = PBXSourcesBuildPhase;
			buildActionMask = 2147483647;
			files = (
				5BB686802C3FD44600AC9628 /* AlbaSalaryTests.swift in Sources */,
			);
			runOnlyForDeploymentPostprocessing = 0;
		};
		5BB686812C3FD44600AC9628 /* Sources */ = {
			isa = PBXSourcesBuildPhase;
			buildActionMask = 2147483647;
			files = (
				5BB6868C2C3FD44600AC9628 /* AlbaSalaryUITestsLaunchTests.swift in Sources */,
				5BB6868A2C3FD44600AC9628 /* AlbaSalaryUITests.swift in Sources */,
			);
			runOnlyForDeploymentPostprocessing = 0;
		};
/* End PBXSourcesBuildPhase section */

/* Begin PBXTargetDependency section */
		5BB6867D2C3FD44600AC9628 /* PBXTargetDependency */ = {
			isa = PBXTargetDependency;
			target = 5BB686642C3FD44500AC9628 /* AlbaWage */;
			targetProxy = 5BB6867C2C3FD44600AC9628 /* PBXContainerItemProxy */;
		};
		5BB686872C3FD44600AC9628 /* PBXTargetDependency */ = {
			isa = PBXTargetDependency;
			target = 5BB686642C3FD44500AC9628 /* AlbaWage */;
			targetProxy = 5BB686862C3FD44600AC9628 /* PBXContainerItemProxy */;
		};
/* End PBXTargetDependency section */

/* Begin PBXVariantGroup section */
		5BB6866E2C3FD44500AC9628 /* Main.storyboard */ = {
			isa = PBXVariantGroup;
			children = (
				5BB6866F2C3FD44500AC9628 /* Base */,
				5BB686AF2C47CC9900AC9628 /* ko */,
			);
			name = Main.storyboard;
			sourceTree = "<group>";
		};
		5BB686732C3FD44600AC9628 /* LaunchScreen.storyboard */ = {
			isa = PBXVariantGroup;
			children = (
				5BB686742C3FD44600AC9628 /* Base */,
				5BB686B02C47CC9900AC9628 /* ko */,
			);
			name = LaunchScreen.storyboard;
			sourceTree = "<group>";
		};
/* End PBXVariantGroup section */

/* Begin XCBuildConfiguration section */
		5BB6868D2C3FD44600AC9628 /* Debug */ = {
			isa = XCBuildConfiguration;
			buildSettings = {
				ALWAYS_SEARCH_USER_PATHS = NO;
				ASSETCATALOG_COMPILER_GENERATE_SWIFT_ASSET_SYMBOL_EXTENSIONS = YES;
				CLANG_ANALYZER_LOCALIZABILITY_NONLOCALIZED = YES;
				CLANG_ANALYZER_NONNULL = YES;
				CLANG_ANALYZER_NUMBER_OBJECT_CONVERSION = YES_AGGRESSIVE;
				CLANG_CXX_LANGUAGE_STANDARD = "gnu++20";
				CLANG_ENABLE_MODULES = YES;
				CLANG_ENABLE_OBJC_ARC = YES;
				CLANG_ENABLE_OBJC_WEAK = YES;
				CLANG_WARN_BLOCK_CAPTURE_AUTORELEASING = YES;
				CLANG_WARN_BOOL_CONVERSION = YES;
				CLANG_WARN_COMMA = YES;
				CLANG_WARN_CONSTANT_CONVERSION = YES;
				CLANG_WARN_DEPRECATED_OBJC_IMPLEMENTATIONS = YES;
				CLANG_WARN_DIRECT_OBJC_ISA_USAGE = YES_ERROR;
				CLANG_WARN_DOCUMENTATION_COMMENTS = YES;
				CLANG_WARN_EMPTY_BODY = YES;
				CLANG_WARN_ENUM_CONVERSION = YES;
				CLANG_WARN_INFINITE_RECURSION = YES;
				CLANG_WARN_INT_CONVERSION = YES;
				CLANG_WARN_NON_LITERAL_NULL_CONVERSION = YES;
				CLANG_WARN_OBJC_IMPLICIT_RETAIN_SELF = YES;
				CLANG_WARN_OBJC_LITERAL_CONVERSION = YES;
				CLANG_WARN_OBJC_ROOT_CLASS = YES_ERROR;
				CLANG_WARN_QUOTED_INCLUDE_IN_FRAMEWORK_HEADER = YES;
				CLANG_WARN_RANGE_LOOP_ANALYSIS = YES;
				CLANG_WARN_STRICT_PROTOTYPES = YES;
				CLANG_WARN_SUSPICIOUS_MOVE = YES;
				CLANG_WARN_UNGUARDED_AVAILABILITY = YES_AGGRESSIVE;
				CLANG_WARN_UNREACHABLE_CODE = YES;
				CLANG_WARN__DUPLICATE_METHOD_MATCH = YES;
				COPY_PHASE_STRIP = NO;
				DEBUG_INFORMATION_FORMAT = dwarf;
				ENABLE_STRICT_OBJC_MSGSEND = YES;
				ENABLE_TESTABILITY = YES;
				ENABLE_USER_SCRIPT_SANDBOXING = YES;
				GCC_C_LANGUAGE_STANDARD = gnu17;
				GCC_DYNAMIC_NO_PIC = NO;
				GCC_NO_COMMON_BLOCKS = YES;
				GCC_OPTIMIZATION_LEVEL = 0;
				GCC_PREPROCESSOR_DEFINITIONS = (
					"DEBUG=1",
					"$(inherited)",
				);
				GCC_WARN_64_TO_32_BIT_CONVERSION = YES;
				GCC_WARN_ABOUT_RETURN_TYPE = YES_ERROR;
				GCC_WARN_UNDECLARED_SELECTOR = YES;
				GCC_WARN_UNINITIALIZED_AUTOS = YES_AGGRESSIVE;
				GCC_WARN_UNUSED_FUNCTION = YES;
				GCC_WARN_UNUSED_VARIABLE = YES;
				IPHONEOS_DEPLOYMENT_TARGET = 17.5;
				LOCALIZATION_PREFERS_STRING_CATALOGS = YES;
				MTL_ENABLE_DEBUG_INFO = INCLUDE_SOURCE;
				MTL_FAST_MATH = YES;
				ONLY_ACTIVE_ARCH = YES;
				SDKROOT = iphoneos;
				SWIFT_ACTIVE_COMPILATION_CONDITIONS = "DEBUG $(inherited)";
				SWIFT_OPTIMIZATION_LEVEL = "-Onone";
			};
			name = Debug;
		};
		5BB6868E2C3FD44600AC9628 /* Release */ = {
			isa = XCBuildConfiguration;
			buildSettings = {
				ALWAYS_SEARCH_USER_PATHS = NO;
				ASSETCATALOG_COMPILER_GENERATE_SWIFT_ASSET_SYMBOL_EXTENSIONS = YES;
				CLANG_ANALYZER_LOCALIZABILITY_NONLOCALIZED = YES;
				CLANG_ANALYZER_NONNULL = YES;
				CLANG_ANALYZER_NUMBER_OBJECT_CONVERSION = YES_AGGRESSIVE;
				CLANG_CXX_LANGUAGE_STANDARD = "gnu++20";
				CLANG_ENABLE_MODULES = YES;
				CLANG_ENABLE_OBJC_ARC = YES;
				CLANG_ENABLE_OBJC_WEAK = YES;
				CLANG_WARN_BLOCK_CAPTURE_AUTORELEASING = YES;
				CLANG_WARN_BOOL_CONVERSION = YES;
				CLANG_WARN_COMMA = YES;
				CLANG_WARN_CONSTANT_CONVERSION = YES;
				CLANG_WARN_DEPRECATED_OBJC_IMPLEMENTATIONS = YES;
				CLANG_WARN_DIRECT_OBJC_ISA_USAGE = YES_ERROR;
				CLANG_WARN_DOCUMENTATION_COMMENTS = YES;
				CLANG_WARN_EMPTY_BODY = YES;
				CLANG_WARN_ENUM_CONVERSION = YES;
				CLANG_WARN_INFINITE_RECURSION = YES;
				CLANG_WARN_INT_CONVERSION = YES;
				CLANG_WARN_NON_LITERAL_NULL_CONVERSION = YES;
				CLANG_WARN_OBJC_IMPLICIT_RETAIN_SELF = YES;
				CLANG_WARN_OBJC_LITERAL_CONVERSION = YES;
				CLANG_WARN_OBJC_ROOT_CLASS = YES_ERROR;
				CLANG_WARN_QUOTED_INCLUDE_IN_FRAMEWORK_HEADER = YES;
				CLANG_WARN_RANGE_LOOP_ANALYSIS = YES;
				CLANG_WARN_STRICT_PROTOTYPES = YES;
				CLANG_WARN_SUSPICIOUS_MOVE = YES;
				CLANG_WARN_UNGUARDED_AVAILABILITY = YES_AGGRESSIVE;
				CLANG_WARN_UNREACHABLE_CODE = YES;
				CLANG_WARN__DUPLICATE_METHOD_MATCH = YES;
				COPY_PHASE_STRIP = NO;
				DEBUG_INFORMATION_FORMAT = "dwarf-with-dsym";
				ENABLE_NS_ASSERTIONS = NO;
				ENABLE_STRICT_OBJC_MSGSEND = YES;
				ENABLE_USER_SCRIPT_SANDBOXING = YES;
				GCC_C_LANGUAGE_STANDARD = gnu17;
				GCC_NO_COMMON_BLOCKS = YES;
				GCC_WARN_64_TO_32_BIT_CONVERSION = YES;
				GCC_WARN_ABOUT_RETURN_TYPE = YES_ERROR;
				GCC_WARN_UNDECLARED_SELECTOR = YES;
				GCC_WARN_UNINITIALIZED_AUTOS = YES_AGGRESSIVE;
				GCC_WARN_UNUSED_FUNCTION = YES;
				GCC_WARN_UNUSED_VARIABLE = YES;
				IPHONEOS_DEPLOYMENT_TARGET = 17.5;
				LOCALIZATION_PREFERS_STRING_CATALOGS = YES;
				MTL_ENABLE_DEBUG_INFO = NO;
				MTL_FAST_MATH = YES;
				SDKROOT = iphoneos;
				SWIFT_COMPILATION_MODE = wholemodule;
				VALIDATE_PRODUCT = YES;
			};
			name = Release;
		};
		5BB686902C3FD44600AC9628 /* Debug */ = {
			isa = XCBuildConfiguration;
			buildSettings = {
				ASSETCATALOG_COMPILER_APPICON_NAME = AppIcon;
				ASSETCATALOG_COMPILER_GLOBAL_ACCENT_COLOR_NAME = AccentColor;
				CODE_SIGN_STYLE = Automatic;
				CURRENT_PROJECT_VERSION = 1;
				DEVELOPMENT_TEAM = NCJMGH8Z64;
				ENABLE_USER_SCRIPT_SANDBOXING = NO;
				GENERATE_INFOPLIST_FILE = YES;
				INFOPLIST_FILE = AlbaWage/Info.plist;
				INFOPLIST_KEY_LSApplicationCategoryType = "public.app-category.finance";
				INFOPLIST_KEY_UIApplicationSupportsIndirectInputEvents = YES;
				INFOPLIST_KEY_UILaunchStoryboardName = LaunchScreen;
				INFOPLIST_KEY_UIMainStoryboardFile = Main;
				INFOPLIST_KEY_UISupportedInterfaceOrientations = UIInterfaceOrientationPortrait;
				INFOPLIST_KEY_UISupportedInterfaceOrientations_iPad = "UIInterfaceOrientationLandscapeLeft UIInterfaceOrientationLandscapeRight UIInterfaceOrientationPortrait UIInterfaceOrientationPortraitUpsideDown";
				IPHONEOS_DEPLOYMENT_TARGET = 16.0;
				LD_RUNPATH_SEARCH_PATHS = (
					"$(inherited)",
					"@executable_path/Frameworks",
				);
				MARKETING_VERSION = 1.0;
				PRODUCT_BUNDLE_IDENTIFIER = "github.com-SNMac.AlbaWage";
				PRODUCT_NAME = "$(TARGET_NAME)";
				SUPPORTED_PLATFORMS = "iphoneos iphonesimulator";
				SUPPORTS_MACCATALYST = NO;
				SUPPORTS_MAC_DESIGNED_FOR_IPHONE_IPAD = NO;
				SUPPORTS_XR_DESIGNED_FOR_IPHONE_IPAD = NO;
				SWIFT_EMIT_LOC_STRINGS = YES;
				SWIFT_VERSION = 5.0;
				TARGETED_DEVICE_FAMILY = 1;
			};
			name = Debug;
		};
		5BB686912C3FD44600AC9628 /* Release */ = {
			isa = XCBuildConfiguration;
			buildSettings = {
				ASSETCATALOG_COMPILER_APPICON_NAME = AppIcon;
				ASSETCATALOG_COMPILER_GLOBAL_ACCENT_COLOR_NAME = AccentColor;
				CODE_SIGN_STYLE = Automatic;
				CURRENT_PROJECT_VERSION = 1;
				DEVELOPMENT_TEAM = NCJMGH8Z64;
				ENABLE_USER_SCRIPT_SANDBOXING = NO;
				GENERATE_INFOPLIST_FILE = YES;
				INFOPLIST_FILE = AlbaWage/Info.plist;
				INFOPLIST_KEY_LSApplicationCategoryType = "public.app-category.finance";
				INFOPLIST_KEY_UIApplicationSupportsIndirectInputEvents = YES;
				INFOPLIST_KEY_UILaunchStoryboardName = LaunchScreen;
				INFOPLIST_KEY_UIMainStoryboardFile = Main;
				INFOPLIST_KEY_UISupportedInterfaceOrientations = UIInterfaceOrientationPortrait;
				INFOPLIST_KEY_UISupportedInterfaceOrientations_iPad = "UIInterfaceOrientationLandscapeLeft UIInterfaceOrientationLandscapeRight UIInterfaceOrientationPortrait UIInterfaceOrientationPortraitUpsideDown";
				IPHONEOS_DEPLOYMENT_TARGET = 16.0;
				LD_RUNPATH_SEARCH_PATHS = (
					"$(inherited)",
					"@executable_path/Frameworks",
				);
				MARKETING_VERSION = 1.0;
				PRODUCT_BUNDLE_IDENTIFIER = "github.com-SNMac.AlbaWage";
				PRODUCT_NAME = "$(TARGET_NAME)";
				SUPPORTED_PLATFORMS = "iphoneos iphonesimulator";
				SUPPORTS_MACCATALYST = NO;
				SUPPORTS_MAC_DESIGNED_FOR_IPHONE_IPAD = NO;
				SUPPORTS_XR_DESIGNED_FOR_IPHONE_IPAD = NO;
				SWIFT_EMIT_LOC_STRINGS = YES;
				SWIFT_VERSION = 5.0;
				TARGETED_DEVICE_FAMILY = 1;
			};
			name = Release;
		};
		5BB686932C3FD44600AC9628 /* Debug */ = {
			isa = XCBuildConfiguration;
			buildSettings = {
				ALWAYS_EMBED_SWIFT_STANDARD_LIBRARIES = YES;
				BUNDLE_LOADER = "$(TEST_HOST)";
				CODE_SIGN_STYLE = Automatic;
				CURRENT_PROJECT_VERSION = 1;
				DEVELOPMENT_TEAM = NCJMGH8Z64;
				ENABLE_USER_SCRIPT_SANDBOXING = NO;
				GENERATE_INFOPLIST_FILE = YES;
				IPHONEOS_DEPLOYMENT_TARGET = 16.0;
				MARKETING_VERSION = 1.0;
				PRODUCT_BUNDLE_IDENTIFIER = "github.com-SNMac.AlbaSalaryTests";
				PRODUCT_NAME = "$(TARGET_NAME)";
				SWIFT_EMIT_LOC_STRINGS = NO;
				SWIFT_VERSION = 5.0;
				TARGETED_DEVICE_FAMILY = "1,2";
				TEST_HOST = "$(BUILT_PRODUCTS_DIR)/AlbaWage.app/$(BUNDLE_EXECUTABLE_FOLDER_PATH)/AlbaWage";
			};
			name = Debug;
		};
		5BB686942C3FD44600AC9628 /* Release */ = {
			isa = XCBuildConfiguration;
			buildSettings = {
				ALWAYS_EMBED_SWIFT_STANDARD_LIBRARIES = YES;
				BUNDLE_LOADER = "$(TEST_HOST)";
				CODE_SIGN_STYLE = Automatic;
				CURRENT_PROJECT_VERSION = 1;
				DEVELOPMENT_TEAM = NCJMGH8Z64;
				ENABLE_USER_SCRIPT_SANDBOXING = NO;
				GENERATE_INFOPLIST_FILE = YES;
				IPHONEOS_DEPLOYMENT_TARGET = 16.0;
				MARKETING_VERSION = 1.0;
				PRODUCT_BUNDLE_IDENTIFIER = "github.com-SNMac.AlbaSalaryTests";
				PRODUCT_NAME = "$(TARGET_NAME)";
				SWIFT_EMIT_LOC_STRINGS = NO;
				SWIFT_VERSION = 5.0;
				TARGETED_DEVICE_FAMILY = "1,2";
				TEST_HOST = "$(BUILT_PRODUCTS_DIR)/AlbaWage.app/$(BUNDLE_EXECUTABLE_FOLDER_PATH)/AlbaWage";
			};
			name = Release;
		};
		5BB686962C3FD44600AC9628 /* Debug */ = {
			isa = XCBuildConfiguration;
			buildSettings = {
				ALWAYS_EMBED_SWIFT_STANDARD_LIBRARIES = YES;
				CODE_SIGN_STYLE = Automatic;
				CURRENT_PROJECT_VERSION = 1;
				DEVELOPMENT_TEAM = NCJMGH8Z64;
				ENABLE_USER_SCRIPT_SANDBOXING = NO;
				GENERATE_INFOPLIST_FILE = YES;
				IPHONEOS_DEPLOYMENT_TARGET = 16.0;
				MARKETING_VERSION = 1.0;
				PRODUCT_BUNDLE_IDENTIFIER = "github.com-SNMac.AlbaSalaryUITests";
				PRODUCT_NAME = "$(TARGET_NAME)";
				SWIFT_EMIT_LOC_STRINGS = NO;
				SWIFT_VERSION = 5.0;
				TARGETED_DEVICE_FAMILY = "1,2";
				TEST_TARGET_NAME = AlbaSalary;
			};
			name = Debug;
		};
		5BB686972C3FD44600AC9628 /* Release */ = {
			isa = XCBuildConfiguration;
			buildSettings = {
				ALWAYS_EMBED_SWIFT_STANDARD_LIBRARIES = YES;
				CODE_SIGN_STYLE = Automatic;
				CURRENT_PROJECT_VERSION = 1;
				DEVELOPMENT_TEAM = NCJMGH8Z64;
				ENABLE_USER_SCRIPT_SANDBOXING = NO;
				GENERATE_INFOPLIST_FILE = YES;
				IPHONEOS_DEPLOYMENT_TARGET = 16.0;
				MARKETING_VERSION = 1.0;
				PRODUCT_BUNDLE_IDENTIFIER = "github.com-SNMac.AlbaSalaryUITests";
				PRODUCT_NAME = "$(TARGET_NAME)";
				SWIFT_EMIT_LOC_STRINGS = NO;
				SWIFT_VERSION = 5.0;
				TARGETED_DEVICE_FAMILY = "1,2";
				TEST_TARGET_NAME = AlbaSalary;
			};
			name = Release;
		};
/* End XCBuildConfiguration section */

/* Begin XCConfigurationList section */
		5BB686602C3FD44500AC9628 /* Build configuration list for PBXProject "AlbaWage" */ = {
			isa = XCConfigurationList;
			buildConfigurations = (
				5BB6868D2C3FD44600AC9628 /* Debug */,
				5BB6868E2C3FD44600AC9628 /* Release */,
			);
			defaultConfigurationIsVisible = 0;
			defaultConfigurationName = Release;
		};
		5BB6868F2C3FD44600AC9628 /* Build configuration list for PBXNativeTarget "AlbaWage" */ = {
			isa = XCConfigurationList;
			buildConfigurations = (
				5BB686902C3FD44600AC9628 /* Debug */,
				5BB686912C3FD44600AC9628 /* Release */,
			);
			defaultConfigurationIsVisible = 0;
			defaultConfigurationName = Release;
		};
		5BB686922C3FD44600AC9628 /* Build configuration list for PBXNativeTarget "AlbaWageTests" */ = {
			isa = XCConfigurationList;
			buildConfigurations = (
				5BB686932C3FD44600AC9628 /* Debug */,
				5BB686942C3FD44600AC9628 /* Release */,
			);
			defaultConfigurationIsVisible = 0;
			defaultConfigurationName = Release;
		};
		5BB686952C3FD44600AC9628 /* Build configuration list for PBXNativeTarget "AlbaWageUITests" */ = {
			isa = XCConfigurationList;
			buildConfigurations = (
				5BB686962C3FD44600AC9628 /* Debug */,
				5BB686972C3FD44600AC9628 /* Release */,
			);
			defaultConfigurationIsVisible = 0;
			defaultConfigurationName = Release;
		};
/* End XCConfigurationList section */
	};
	rootObject = 5BB6865D2C3FD44500AC9628 /* Project object */;
}
