// !$*UTF8*$!
{
	archiveVersion = 1;
	classes = {
	};
	objectVersion = 56;
	objects = {

/* Begin PBXBuildFile section */
		5B1856DA2D3F73E400895400 /* WageInfoView.swift in Sources */ = {isa = PBXBuildFile; fileRef = 5B1856D92D3F73E400895400 /* WageInfoView.swift */; };
		5B1856E12D3F7D8A00895400 /* MoveMonthButtonView.swift in Sources */ = {isa = PBXBuildFile; fileRef = 5B1856E02D3F7D8A00895400 /* MoveMonthButtonView.swift */; };
		5B1856E72D3FA1A600895400 /* AlbaInfo.swift in Sources */ = {isa = PBXBuildFile; fileRef = 5B1856E62D3FA1A600895400 /* AlbaInfo.swift */; };
		5B26166C2D3E1EB700772508 /* ViewController+Extension.swift in Sources */ = {isa = PBXBuildFile; fileRef = 5B26166B2D3E1EB700772508 /* ViewController+Extension.swift */; };
		5B2F864F2D2B8FA400F74C1D /* DayCell.swift in Sources */ = {isa = PBXBuildFile; fileRef = 5B2F864E2D2B8FA400F74C1D /* DayCell.swift */; };
		5B2FEC212D53458C00786973 /* DateFormatter+Extension.swift in Sources */ = {isa = PBXBuildFile; fileRef = 5B2FEC202D53458C00786973 /* DateFormatter+Extension.swift */; };
		5BA6A4342D2B957200AFA738 /* CalendarDate.swift in Sources */ = {isa = PBXBuildFile; fileRef = 5BA6A4332D2B957200AFA738 /* CalendarDate.swift */; };
		5BA6A4362D2B9D3E00AFA738 /* CalendarView.swift in Sources */ = {isa = PBXBuildFile; fileRef = 5BA6A4352D2B9D3E00AFA738 /* CalendarView.swift */; };
		5BA6A4382D2B9E9800AFA738 /* WeekView.swift in Sources */ = {isa = PBXBuildFile; fileRef = 5BA6A4372D2B9E9800AFA738 /* WeekView.swift */; };
		5BA6A43A2D2BA25100AFA738 /* MonthCell.swift in Sources */ = {isa = PBXBuildFile; fileRef = 5BA6A4392D2BA25100AFA738 /* MonthCell.swift */; };
		5BA6A43C2D2BA82200AFA738 /* HeaderView.swift in Sources */ = {isa = PBXBuildFile; fileRef = 5BA6A43B2D2BA82200AFA738 /* HeaderView.swift */; };
		5BB686692C3FD44500AC9628 /* AppDelegate.swift in Sources */ = {isa = PBXBuildFile; fileRef = 5BB686682C3FD44500AC9628 /* AppDelegate.swift */; };
		5BB6866B2C3FD44500AC9628 /* SceneDelegate.swift in Sources */ = {isa = PBXBuildFile; fileRef = 5BB6866A2C3FD44500AC9628 /* SceneDelegate.swift */; };
		5BB686722C3FD44600AC9628 /* Assets.xcassets in Resources */ = {isa = PBXBuildFile; fileRef = 5BB686712C3FD44600AC9628 /* Assets.xcassets */; };
		5BB686752C3FD44600AC9628 /* Base in Resources */ = {isa = PBXBuildFile; fileRef = 5BB686742C3FD44600AC9628 /* Base */; };
		5BB686802C3FD44600AC9628 /* AlbaSalaryTests.swift in Sources */ = {isa = PBXBuildFile; fileRef = 5BB6867F2C3FD44600AC9628 /* AlbaSalaryTests.swift */; };
		5BB6868A2C3FD44600AC9628 /* AlbaSalaryUITests.swift in Sources */ = {isa = PBXBuildFile; fileRef = 5BB686892C3FD44600AC9628 /* AlbaSalaryUITests.swift */; };
		5BB6868C2C3FD44600AC9628 /* AlbaSalaryUITestsLaunchTests.swift in Sources */ = {isa = PBXBuildFile; fileRef = 5BB6868B2C3FD44600AC9628 /* AlbaSalaryUITestsLaunchTests.swift */; };
		5BB686992C46753500AC9628 /* ViewController.swift in Sources */ = {isa = PBXBuildFile; fileRef = 5BB686982C46753500AC9628 /* ViewController.swift */; };
		99288FD4248C4F0FF5A4DBDD /* Pods_AlbaWage.framework in Frameworks */ = {isa = PBXBuildFile; fileRef = A1D641E455EB30E4E4D5429B /* Pods_AlbaWage.framework */; };
		A61A532EDC5372824887AB85 /* Pods_AlbaWageTests.framework in Frameworks */ = {isa = PBXBuildFile; fileRef = EA65DAC54C631564A9189E62 /* Pods_AlbaWageTests.framework */; };
		B9A41B2FDEEF84AD1D445768 /* Pods_AlbaWage_AlbaWageUITests.framework in Frameworks */ = {isa = PBXBuildFile; fileRef = 78DC2F8805B9166B206AB80E /* Pods_AlbaWage_AlbaWageUITests.framework */; };
/* End PBXBuildFile section */

/* Begin PBXContainerItemProxy section */
		5BB6867C2C3FD44600AC9628 /* PBXContainerItemProxy */ = {
			isa = PBXContainerItemProxy;
			containerPortal = 5BB6865D2C3FD44500AC9628 /* Project object */;
			proxyType = 1;
			remoteGlobalIDString = 5BB686642C3FD44500AC9628;
			remoteInfo = AlbaSalary;
		};
		5BB686862C3FD44600AC9628 /* PBXContainerItemProxy */ = {
			isa = PBXContainerItemProxy;
			containerPortal = 5BB6865D2C3FD44500AC9628 /* Project object */;
			proxyType = 1;
			remoteGlobalIDString = 5BB686642C3FD44500AC9628;
			remoteInfo = AlbaSalary;
		};
/* End PBXContainerItemProxy section */

/* Begin PBXFileReference section */
		5B1856D92D3F73E400895400 /* WageInfoView.swift */ = {isa = PBXFileReference; lastKnownFileType = sourcecode.swift; path = WageInfoView.swift; sourceTree = "<group>"; };
		5B1856E02D3F7D8A00895400 /* MoveMonthButtonView.swift */ = {isa = PBXFileReference; lastKnownFileType = sourcecode.swift; path = MoveMonthButtonView.swift; sourceTree = "<group>"; };
		5B1856E62D3FA1A600895400 /* AlbaInfo.swift */ = {isa = PBXFileReference; lastKnownFileType = sourcecode.swift; path = AlbaInfo.swift; sourceTree = "<group>"; };
		5B26166B2D3E1EB700772508 /* ViewController+Extension.swift */ = {isa = PBXFileReference; lastKnownFileType = sourcecode.swift; path = "ViewController+Extension.swift"; sourceTree = "<group>"; };
		5B2F864E2D2B8FA400F74C1D /* DayCell.swift */ = {isa = PBXFileReference; lastKnownFileType = sourcecode.swift; path = DayCell.swift; sourceTree = "<group>"; };
		5B2FEC202D53458C00786973 /* DateFormatter+Extension.swift */ = {isa = PBXFileReference; lastKnownFileType = sourcecode.swift; path = "DateFormatter+Extension.swift"; sourceTree = "<group>"; };
		5BA6A4332D2B957200AFA738 /* CalendarDate.swift */ = {isa = PBXFileReference; lastKnownFileType = sourcecode.swift; path = CalendarDate.swift; sourceTree = "<group>"; };
		5BA6A4352D2B9D3E00AFA738 /* CalendarView.swift */ = {isa = PBXFileReference; lastKnownFileType = sourcecode.swift; path = CalendarView.swift; sourceTree = "<group>"; };
		5BA6A4372D2B9E9800AFA738 /* WeekView.swift */ = {isa = PBXFileReference; lastKnownFileType = sourcecode.swift; path = WeekView.swift; sourceTree = "<group>"; };
		5BA6A4392D2BA25100AFA738 /* MonthCell.swift */ = {isa = PBXFileReference; lastKnownFileType = sourcecode.swift; path = MonthCell.swift; sourceTree = "<group>"; };
		5BA6A43B2D2BA82200AFA738 /* HeaderView.swift */ = {isa = PBXFileReference; lastKnownFileType = sourcecode.swift; path = HeaderView.swift; sourceTree = "<group>"; };
		5BAA82632D7977BF0099C41D /* .gitignore */ = {isa = PBXFileReference; lastKnownFileType = text; path = .gitignore; sourceTree = "<group>"; };
		5BB686652C3FD44500AC9628 /* AlbaWage.app */ = {isa = PBXFileReference; explicitFileType = wrapper.application; includeInIndex = 0; path = AlbaWage.app; sourceTree = BUILT_PRODUCTS_DIR; };
		5BB686682C3FD44500AC9628 /* AppDelegate.swift */ = {isa = PBXFileReference; lastKnownFileType = sourcecode.swift; path = AppDelegate.swift; sourceTree = "<group>"; };
		5BB6866A2C3FD44500AC9628 /* SceneDelegate.swift */ = {isa = PBXFileReference; lastKnownFileType = sourcecode.swift; path = SceneDelegate.swift; sourceTree = "<group>"; };
		5BB686712C3FD44600AC9628 /* Assets.xcassets */ = {isa = PBXFileReference; lastKnownFileType = folder.assetcatalog; path = Assets.xcassets; sourceTree = "<group>"; };
		5BB686742C3FD44600AC9628 /* Base */ = {isa = PBXFileReference; lastKnownFileType = file.storyboard; name = Base; path = Base.lproj/LaunchScreen.storyboard; sourceTree = "<group>"; };
		5BB686762C3FD44600AC9628 /* Info.plist */ = {isa = PBXFileReference; lastKnownFileType = text.plist.xml; path = Info.plist; sourceTree = "<group>"; };
		5BB6867B2C3FD44600AC9628 /* AlbaWageTests.xctest */ = {isa = PBXFileReference; explicitFileType = wrapper.cfbundle; includeInIndex = 0; path = AlbaWageTests.xctest; sourceTree = BUILT_PRODUCTS_DIR; };
		5BB6867F2C3FD44600AC9628 /* AlbaSalaryTests.swift */ = {isa = PBXFileReference; lastKnownFileType = sourcecode.swift; path = AlbaSalaryTests.swift; sourceTree = "<group>"; };
		5BB686852C3FD44600AC9628 /* AlbaWageUITests.xctest */ = {isa = PBXFileReference; explicitFileType = wrapper.cfbundle; includeInIndex = 0; path = AlbaWageUITests.xctest; sourceTree = BUILT_PRODUCTS_DIR; };
		5BB686892C3FD44600AC9628 /* AlbaSalaryUITests.swift */ = {isa = PBXFileReference; lastKnownFileType = sourcecode.swift; path = AlbaSalaryUITests.swift; sourceTree = "<group>"; };
		5BB6868B2C3FD44600AC9628 /* AlbaSalaryUITestsLaunchTests.swift */ = {isa = PBXFileReference; lastKnownFileType = sourcecode.swift; path = AlbaSalaryUITestsLaunchTests.swift; sourceTree = "<group>"; };
		5BB686982C46753500AC9628 /* ViewController.swift */ = {isa = PBXFileReference; lastKnownFileType = sourcecode.swift; path = ViewController.swift; sourceTree = "<group>"; };
		5BB686B02C47CC9900AC9628 /* ko */ = {isa = PBXFileReference; lastKnownFileType = text.plist.strings; name = ko; path = ko.lproj/LaunchScreen.strings; sourceTree = "<group>"; };
		66469D2E5FAD4503122E0262 /* Pods-AlbaWage.debug.xcconfig */ = {isa = PBXFileReference; includeInIndex = 1; lastKnownFileType = text.xcconfig; name = "Pods-AlbaWage.debug.xcconfig"; path = "Target Support Files/Pods-AlbaWage/Pods-AlbaWage.debug.xcconfig"; sourceTree = "<group>"; };
		6D6ECC216F48581F3D72EFAA /* Pods-AlbaWageTests.release.xcconfig */ = {isa = PBXFileReference; includeInIndex = 1; lastKnownFileType = text.xcconfig; name = "Pods-AlbaWageTests.release.xcconfig"; path = "Target Support Files/Pods-AlbaWageTests/Pods-AlbaWageTests.release.xcconfig"; sourceTree = "<group>"; };
		78DC2F8805B9166B206AB80E /* Pods_AlbaWage_AlbaWageUITests.framework */ = {isa = PBXFileReference; explicitFileType = wrapper.framework; includeInIndex = 0; path = Pods_AlbaWage_AlbaWageUITests.framework; sourceTree = BUILT_PRODUCTS_DIR; };
		9ACAA4C787C14F9E543A61C5 /* Pods-AlbaWage.release.xcconfig */ = {isa = PBXFileReference; includeInIndex = 1; lastKnownFileType = text.xcconfig; name = "Pods-AlbaWage.release.xcconfig"; path = "Target Support Files/Pods-AlbaWage/Pods-AlbaWage.release.xcconfig"; sourceTree = "<group>"; };
		A1D641E455EB30E4E4D5429B /* Pods_AlbaWage.framework */ = {isa = PBXFileReference; explicitFileType = wrapper.framework; includeInIndex = 0; path = Pods_AlbaWage.framework; sourceTree = BUILT_PRODUCTS_DIR; };
		BF7E62891ABCC87F9751F102 /* Pods-AlbaWageTests.debug.xcconfig */ = {isa = PBXFileReference; includeInIndex = 1; lastKnownFileType = text.xcconfig; name = "Pods-AlbaWageTests.debug.xcconfig"; path = "Target Support Files/Pods-AlbaWageTests/Pods-AlbaWageTests.debug.xcconfig"; sourceTree = "<group>"; };
		BF7FBDA93FCFB8E869D2A8ED /* Pods-AlbaWage-AlbaWageUITests.debug.xcconfig */ = {isa = PBXFileReference; includeInIndex = 1; lastKnownFileType = text.xcconfig; name = "Pods-AlbaWage-AlbaWageUITests.debug.xcconfig"; path = "Target Support Files/Pods-AlbaWage-AlbaWageUITests/Pods-AlbaWage-AlbaWageUITests.debug.xcconfig"; sourceTree = "<group>"; };
		C10CEC480588A396746E70BF /* Pods-AlbaWage-AlbaWageUITests.release.xcconfig */ = {isa = PBXFileReference; includeInIndex = 1; lastKnownFileType = text.xcconfig; name = "Pods-AlbaWage-AlbaWageUITests.release.xcconfig"; path = "Target Support Files/Pods-AlbaWage-AlbaWageUITests/Pods-AlbaWage-AlbaWageUITests.release.xcconfig"; sourceTree = "<group>"; };
		EA65DAC54C631564A9189E62 /* Pods_AlbaWageTests.framework */ = {isa = PBXFileReference; explicitFileType = wrapper.framework; includeInIndex = 0; path = Pods_AlbaWageTests.framework; sourceTree = BUILT_PRODUCTS_DIR; };
/* End PBXFileReference section */

/* Begin PBXFrameworksBuildPhase section */
		5BB686622C3FD44500AC9628 /* Frameworks */ = {
			isa = PBXFrameworksBuildPhase;
			buildActionMask = 2147483647;
			files = (
				99288FD4248C4F0FF5A4DBDD /* Pods_AlbaWage.framework in Frameworks */,
			);
			runOnlyForDeploymentPostprocessing = 0;
		};
		5BB686782C3FD44600AC9628 /* Frameworks */ = {
			isa = PBXFrameworksBuildPhase;
			buildActionMask = 2147483647;
			files = (
				A61A532EDC5372824887AB85 /* Pods_AlbaWageTests.framework in Frameworks */,
			);
			runOnlyForDeploymentPostprocessing = 0;
		};
		5BB686822C3FD44600AC9628 /* Frameworks */ = {
			isa = PBXFrameworksBuildPhase;
			buildActionMask = 2147483647;
			files = (
				B9A41B2FDEEF84AD1D445768 /* Pods_AlbaWage_AlbaWageUITests.framework in Frameworks */,
			);
			runOnlyForDeploymentPostprocessing = 0;
		};
/* End PBXFrameworksBuildPhase section */

/* Begin PBXGroup section */
		5598AE9027792838A12EC8C5 /* Pods */ = {
			isa = PBXGroup;
			children = (
				66469D2E5FAD4503122E0262 /* Pods-AlbaWage.debug.xcconfig */,
				9ACAA4C787C14F9E543A61C5 /* Pods-AlbaWage.release.xcconfig */,
				BF7FBDA93FCFB8E869D2A8ED /* Pods-AlbaWage-AlbaWageUITests.debug.xcconfig */,
				C10CEC480588A396746E70BF /* Pods-AlbaWage-AlbaWageUITests.release.xcconfig */,
				BF7E62891ABCC87F9751F102 /* Pods-AlbaWageTests.debug.xcconfig */,
				6D6ECC216F48581F3D72EFAA /* Pods-AlbaWageTests.release.xcconfig */,
			);
			path = Pods;
			sourceTree = "<group>";
		};
		5B1856DD2D3F7D1A00895400 /* HeaderView */ = {
			isa = PBXGroup;
			children = (
				5BA6A43B2D2BA82200AFA738 /* HeaderView.swift */,
				5B1856D92D3F73E400895400 /* WageInfoView.swift */,
				5B1856E02D3F7D8A00895400 /* MoveMonthButtonView.swift */,
			);
			path = HeaderView;
			sourceTree = "<group>";
		};
		5B1856E82D3FA1AB00895400 /* Model */ = {
			isa = PBXGroup;
			children = (
				5B1856E62D3FA1A600895400 /* AlbaInfo.swift */,
			);
			path = Model;
			sourceTree = "<group>";
		};
		5B26166D2D3E1EC900772508 /* Extensions */ = {
			isa = PBXGroup;
			children = (
				5B26166B2D3E1EB700772508 /* ViewController+Extension.swift */,
				5B2FEC202D53458C00786973 /* DateFormatter+Extension.swift */,
			);
			path = Extensions;
			sourceTree = "<group>";
		};
		5BB6865C2C3FD44500AC9628 = {
			isa = PBXGroup;
			children = (
				5BAA82632D7977BF0099C41D /* .gitignore */,
				5BB686672C3FD44500AC9628 /* AlbaWage */,
				5BB6867E2C3FD44600AC9628 /* AlbaWageTests */,
				5BB686882C3FD44600AC9628 /* AlbaWageUITests */,
				5BB686662C3FD44500AC9628 /* Products */,
				5598AE9027792838A12EC8C5 /* Pods */,
				A93F023E920EDCB9F8F62D06 /* Frameworks */,
			);
			sourceTree = "<group>";
		};
		5BB686662C3FD44500AC9628 /* Products */ = {
			isa = PBXGroup;
			children = (
				5BB686652C3FD44500AC9628 /* AlbaWage.app */,
				5BB6867B2C3FD44600AC9628 /* AlbaWageTests.xctest */,
				5BB686852C3FD44600AC9628 /* AlbaWageUITests.xctest */,
			);
			name = Products;
			sourceTree = "<group>";
		};
		5BB686672C3FD44500AC9628 /* AlbaWage */ = {
			isa = PBXGroup;
			children = (
				5BB686682C3FD44500AC9628 /* AppDelegate.swift */,
				5BB6866A2C3FD44500AC9628 /* SceneDelegate.swift */,
				5BB686AD2C47C62000AC9628 /* Views */,
				5B26166D2D3E1EC900772508 /* Extensions */,
				5BB686712C3FD44600AC9628 /* Assets.xcassets */,
				5BB686732C3FD44600AC9628 /* LaunchScreen.storyboard */,
				5BB686762C3FD44600AC9628 /* Info.plist */,
			);
			path = AlbaWage;
			sourceTree = "<group>";
		};
		5BB6867E2C3FD44600AC9628 /* AlbaWageTests */ = {
			isa = PBXGroup;
			children = (
				5BB6867F2C3FD44600AC9628 /* AlbaSalaryTests.swift */,
			);
			path = AlbaWageTests;
			sourceTree = "<group>";
		};
		5BB686882C3FD44600AC9628 /* AlbaWageUITests */ = {
			isa = PBXGroup;
			children = (
				5BB686892C3FD44600AC9628 /* AlbaSalaryUITests.swift */,
				5BB6868B2C3FD44600AC9628 /* AlbaSalaryUITestsLaunchTests.swift */,
			);
			path = AlbaWageUITests;
			sourceTree = "<group>";
		};
		5BB686AD2C47C62000AC9628 /* Views */ = {
			isa = PBXGroup;
			children = (
				5BB686982C46753500AC9628 /* ViewController.swift */,
				5BA6A4352D2B9D3E00AFA738 /* CalendarView.swift */,
				5B1856DD2D3F7D1A00895400 /* HeaderView */,
				5BA6A4372D2B9E9800AFA738 /* WeekView.swift */,
				5BA6A4392D2BA25100AFA738 /* MonthCell.swift */,
				5B2F864E2D2B8FA400F74C1D /* DayCell.swift */,
				5BA6A4332D2B957200AFA738 /* CalendarDate.swift */,
				5B1856E82D3FA1AB00895400 /* Model */,
			);
			path = Views;
			sourceTree = "<group>";
		};
		A93F023E920EDCB9F8F62D06 /* Frameworks */ = {
			isa = PBXGroup;
			children = (
				A1D641E455EB30E4E4D5429B /* Pods_AlbaWage.framework */,
				78DC2F8805B9166B206AB80E /* Pods_AlbaWage_AlbaWageUITests.framework */,
				EA65DAC54C631564A9189E62 /* Pods_AlbaWageTests.framework */,
			);
			name = Frameworks;
			sourceTree = "<group>";
		};
/* End PBXGroup section */

/* Begin PBXNativeTarget section */
		5BB686642C3FD44500AC9628 /* AlbaWage */ = {
			isa = PBXNativeTarget;
			buildConfigurationList = 5BB6868F2C3FD44600AC9628 /* Build configuration list for PBXNativeTarget "AlbaWage" */;
			buildPhases = (
				81B5D6C3DC31E1D82B634E48 /* [CP] Check Pods Manifest.lock */,
				5BB686612C3FD44500AC9628 /* Sources */,
				5BB686622C3FD44500AC9628 /* Frameworks */,
				5BB686632C3FD44500AC9628 /* Resources */,
				28DFD2CFDA59F5598EC5048E /* [CP] Embed Pods Frameworks */,
			);
			buildRules = (
			);
			dependencies = (
			);
			name = AlbaWage;
			productName = AlbaSalary;
			productReference = 5BB686652C3FD44500AC9628 /* AlbaWage.app */;
			productType = "com.apple.product-type.application";
		};
		5BB6867A2C3FD44600AC9628 /* AlbaWageTests */ = {
			isa = PBXNativeTarget;
			buildConfigurationList = 5BB686922C3FD44600AC9628 /* Build configuration list for PBXNativeTarget "AlbaWageTests" */;
			buildPhases = (
				4604903274BE2EAD01B57B0B /* [CP] Check Pods Manifest.lock */,
				5BB686772C3FD44600AC9628 /* Sources */,
				5BB686782C3FD44600AC9628 /* Frameworks */,
				5BB686792C3FD44600AC9628 /* Resources */,
			);
			buildRules = (
			);
			dependencies = (
				5BB6867D2C3FD44600AC9628 /* PBXTargetDependency */,
			);
			name = AlbaWageTests;
			productName = AlbaSalaryTests;
			productReference = 5BB6867B2C3FD44600AC9628 /* AlbaWageTests.xctest */;
			productType = "com.apple.product-type.bundle.unit-test";
		};
		5BB686842C3FD44600AC9628 /* AlbaWageUITests */ = {
			isa = PBXNativeTarget;
			buildConfigurationList = 5BB686952C3FD44600AC9628 /* Build configuration list for PBXNativeTarget "AlbaWageUITests" */;
			buildPhases = (
				236B22F32772D05BF3126975 /* [CP] Check Pods Manifest.lock */,
				5BB686812C3FD44600AC9628 /* Sources */,
				5BB686822C3FD44600AC9628 /* Frameworks */,
				5BB686832C3FD44600AC9628 /* Resources */,
				8626DF578D24AB8A477D7C7B /* [CP] Embed Pods Frameworks */,
			);
			buildRules = (
			);
			dependencies = (
				5BB686872C3FD44600AC9628 /* PBXTargetDependency */,
			);
			name = AlbaWageUITests;
			productName = AlbaSalaryUITests;
			productReference = 5BB686852C3FD44600AC9628 /* AlbaWageUITests.xctest */;
			productType = "com.apple.product-type.bundle.ui-testing";
		};
/* End PBXNativeTarget section */

/* Begin PBXProject section */
		5BB6865D2C3FD44500AC9628 /* Project object */ = {
			isa = PBXProject;
			attributes = {
				BuildIndependentTargetsInParallel = 1;
				LastSwiftUpdateCheck = 1540;
				LastUpgradeCheck = 1620;
				TargetAttributes = {
					5BB686642C3FD44500AC9628 = {
						CreatedOnToolsVersion = 15.4;
					};
					5BB6867A2C3FD44600AC9628 = {
						CreatedOnToolsVersion = 15.4;
						TestTargetID = 5BB686642C3FD44500AC9628;
					};
					5BB686842C3FD44600AC9628 = {
						CreatedOnToolsVersion = 15.4;
						TestTargetID = 5BB686642C3FD44500AC9628;
					};
				};
			};
			buildConfigurationList = 5BB686602C3FD44500AC9628 /* Build configuration list for PBXProject "AlbaWage" */;
			compatibilityVersion = "Xcode 14.0";
			developmentRegion = ko;
			hasScannedForEncodings = 0;
			knownRegions = (
				en,
				Base,
				ko,
			);
			mainGroup = 5BB6865C2C3FD44500AC9628;
			productRefGroup = 5BB686662C3FD44500AC9628 /* Products */;
			projectDirPath = "";
			projectRoot = "";
			targets = (
				5BB686642C3FD44500AC9628 /* AlbaWage */,
				5BB6867A2C3FD44600AC9628 /* AlbaWageTests */,
				5BB686842C3FD44600AC9628 /* AlbaWageUITests */,
			);
		};
/* End PBXProject section */

/* Begin PBXResourcesBuildPhase section */
		5BB686632C3FD44500AC9628 /* Resources */ = {
			isa = PBXResourcesBuildPhase;
			buildActionMask = 2147483647;
			files = (
				5BB686722C3FD44600AC9628 /* Assets.xcassets in Resources */,
				5BB686752C3FD44600AC9628 /* Base in Resources */,
			);
			runOnlyForDeploymentPostprocessing = 0;
		};
		5BB686792C3FD44600AC9628 /* Resources */ = {
			isa = PBXResourcesBuildPhase;
			buildActionMask = 2147483647;
			files = (
			);
			runOnlyForDeploymentPostprocessing = 0;
		};
		5BB686832C3FD44600AC9628 /* Resources */ = {
			isa = PBXResourcesBuildPhase;
			buildActionMask = 2147483647;
			files = (
			);
			runOnlyForDeploymentPostprocessing = 0;
		};
/* End PBXResourcesBuildPhase section */

/* Begin PBXShellScriptBuildPhase section */
		236B22F32772D05BF3126975 /* [CP] Check Pods Manifest.lock */ = {
			isa = PBXShellScriptBuildPhase;
			buildActionMask = 2147483647;
			files = (
			);
			inputFileListPaths = (
			);
			inputPaths = (
				"${PODS_PODFILE_DIR_PATH}/Podfile.lock",
				"${PODS_ROOT}/Manifest.lock",
			);
			name = "[CP] Check Pods Manifest.lock";
			outputFileListPaths = (
			);
			outputPaths = (
				"$(DERIVED_FILE_DIR)/Pods-AlbaWage-AlbaWageUITests-checkManifestLockResult.txt",
			);
			runOnlyForDeploymentPostprocessing = 0;
			shellPath = /bin/sh;
			shellScript = "diff \"${PODS_PODFILE_DIR_PATH}/Podfile.lock\" \"${PODS_ROOT}/Manifest.lock\" > /dev/null\nif [ $? != 0 ] ; then\n    # print error to STDERR\n    echo \"error: The sandbox is not in sync with the Podfile.lock. Run 'pod install' or update your CocoaPods installation.\" >&2\n    exit 1\nfi\n# This output is used by Xcode 'outputs' to avoid re-running this script phase.\necho \"SUCCESS\" > \"${SCRIPT_OUTPUT_FILE_0}\"\n";
			showEnvVarsInLog = 0;
		};
		28DFD2CFDA59F5598EC5048E /* [CP] Embed Pods Frameworks */ = {
			isa = PBXShellScriptBuildPhase;
			buildActionMask = 2147483647;
			files = (
			);
			inputFileListPaths = (
				"${PODS_ROOT}/Target Support Files/Pods-AlbaWage/Pods-AlbaWage-frameworks-${CONFIGURATION}-input-files.xcfilelist",
			);
			name = "[CP] Embed Pods Frameworks";
			outputFileListPaths = (
				"${PODS_ROOT}/Target Support Files/Pods-AlbaWage/Pods-AlbaWage-frameworks-${CONFIGURATION}-output-files.xcfilelist",
			);
			runOnlyForDeploymentPostprocessing = 0;
			shellPath = /bin/sh;
			shellScript = "\"${PODS_ROOT}/Target Support Files/Pods-AlbaWage/Pods-AlbaWage-frameworks.sh\"\n";
			showEnvVarsInLog = 0;
		};
		4604903274BE2EAD01B57B0B /* [CP] Check Pods Manifest.lock */ = {
			isa = PBXShellScriptBuildPhase;
			buildActionMask = 2147483647;
			files = (
			);
			inputFileListPaths = (
			);
			inputPaths = (
				"${PODS_PODFILE_DIR_PATH}/Podfile.lock",
				"${PODS_ROOT}/Manifest.lock",
			);
			name = "[CP] Check Pods Manifest.lock";
			outputFileListPaths = (
			);
			outputPaths = (
				"$(DERIVED_FILE_DIR)/Pods-AlbaWageTests-checkManifestLockResult.txt",
			);
			runOnlyForDeploymentPostprocessing = 0;
			shellPath = /bin/sh;
			shellScript = "diff \"${PODS_PODFILE_DIR_PATH}/Podfile.lock\" \"${PODS_ROOT}/Manifest.lock\" > /dev/null\nif [ $? != 0 ] ; then\n    # print error to STDERR\n    echo \"error: The sandbox is not in sync with the Podfile.lock. Run 'pod install' or update your CocoaPods installation.\" >&2\n    exit 1\nfi\n# This output is used by Xcode 'outputs' to avoid re-running this script phase.\necho \"SUCCESS\" > \"${SCRIPT_OUTPUT_FILE_0}\"\n";
			showEnvVarsInLog = 0;
		};
		81B5D6C3DC31E1D82B634E48 /* [CP] Check Pods Manifest.lock */ = {
			isa = PBXShellScriptBuildPhase;
			buildActionMask = 2147483647;
			files = (
			);
			inputFileListPaths = (
			);
			inputPaths = (
				"${PODS_PODFILE_DIR_PATH}/Podfile.lock",
				"${PODS_ROOT}/Manifest.lock",
			);
			name = "[CP] Check Pods Manifest.lock";
			outputFileListPaths = (
			);
			outputPaths = (
				"$(DERIVED_FILE_DIR)/Pods-AlbaWage-checkManifestLockResult.txt",
			);
			runOnlyForDeploymentPostprocessing = 0;
			shellPath = /bin/sh;
			shellScript = "diff \"${PODS_PODFILE_DIR_PATH}/Podfile.lock\" \"${PODS_ROOT}/Manifest.lock\" > /dev/null\nif [ $? != 0 ] ; then\n    # print error to STDERR\n    echo \"error: The sandbox is not in sync with the Podfile.lock. Run 'pod install' or update your CocoaPods installation.\" >&2\n    exit 1\nfi\n# This output is used by Xcode 'outputs' to avoid re-running this script phase.\necho \"SUCCESS\" > \"${SCRIPT_OUTPUT_FILE_0}\"\n";
			showEnvVarsInLog = 0;
		};
		8626DF578D24AB8A477D7C7B /* [CP] Embed Pods Frameworks */ = {
			isa = PBXShellScriptBuildPhase;
			buildActionMask = 2147483647;
			files = (
			);
			inputFileListPaths = (
				"${PODS_ROOT}/Target Support Files/Pods-AlbaWage-AlbaWageUITests/Pods-AlbaWage-AlbaWageUITests-frameworks-${CONFIGURATION}-input-files.xcfilelist",
			);
			name = "[CP] Embed Pods Frameworks";
			outputFileListPaths = (
				"${PODS_ROOT}/Target Support Files/Pods-AlbaWage-AlbaWageUITests/Pods-AlbaWage-AlbaWageUITests-frameworks-${CONFIGURATION}-output-files.xcfilelist",
			);
			runOnlyForDeploymentPostprocessing = 0;
			shellPath = /bin/sh;
			shellScript = "\"${PODS_ROOT}/Target Support Files/Pods-AlbaWage-AlbaWageUITests/Pods-AlbaWage-AlbaWageUITests-frameworks.sh\"\n";
			showEnvVarsInLog = 0;
		};
/* End PBXShellScriptBuildPhase section */

/* Begin PBXSourcesBuildPhase section */
		5BB686612C3FD44500AC9628 /* Sources */ = {
			isa = PBXSourcesBuildPhase;
			buildActionMask = 2147483647;
			files = (
				5BA6A4362D2B9D3E00AFA738 /* CalendarView.swift in Sources */,
				5BA6A43C2D2BA82200AFA738 /* HeaderView.swift in Sources */,
				5B1856E72D3FA1A600895400 /* AlbaInfo.swift in Sources */,
				5B2F864F2D2B8FA400F74C1D /* DayCell.swift in Sources */,
				5BB686992C46753500AC9628 /* ViewController.swift in Sources */,
				5BA6A4382D2B9E9800AFA738 /* WeekView.swift in Sources */,
				5BA6A4342D2B957200AFA738 /* CalendarDate.swift in Sources */,
				5BB686692C3FD44500AC9628 /* AppDelegate.swift in Sources */,
				5BB6866B2C3FD44500AC9628 /* SceneDelegate.swift in Sources */,
				5B1856E12D3F7D8A00895400 /* MoveMonthButtonView.swift in Sources */,
				5B2FEC212D53458C00786973 /* DateFormatter+Extension.swift in Sources */,
				5B26166C2D3E1EB700772508 /* ViewController+Extension.swift in Sources */,
				5BA6A43A2D2BA25100AFA738 /* MonthCell.swift in Sources */,
				5B1856DA2D3F73E400895400 /* WageInfoView.swift in Sources */,
			);
			runOnlyForDeploymentPostprocessing = 0;
		};
		5BB686772C3FD44600AC9628 /* Sources */ = {
			isa = PBXSourcesBuildPhase;
			buildActionMask = 2147483647;
			files = (
				5BB686802C3FD44600AC9628 /* AlbaSalaryTests.swift in Sources */,
			);
			runOnlyForDeploymentPostprocessing = 0;
		};
		5BB686812C3FD44600AC9628 /* Sources */ = {
			isa = PBXSourcesBuildPhase;
			buildActionMask = 2147483647;
			files = (
				5BB6868C2C3FD44600AC9628 /* AlbaSalaryUITestsLaunchTests.swift in Sources */,
				5BB6868A2C3FD44600AC9628 /* AlbaSalaryUITests.swift in Sources */,
			);
			runOnlyForDeploymentPostprocessing = 0;
		};
/* End PBXSourcesBuildPhase section */

/* Begin PBXTargetDependency section */
		5BB6867D2C3FD44600AC9628 /* PBXTargetDependency */ = {
			isa = PBXTargetDependency;
			target = 5BB686642C3FD44500AC9628 /* AlbaWage */;
			targetProxy = 5BB6867C2C3FD44600AC9628 /* PBXContainerItemProxy */;
		};
		5BB686872C3FD44600AC9628 /* PBXTargetDependency */ = {
			isa = PBXTargetDependency;
			target = 5BB686642C3FD44500AC9628 /* AlbaWage */;
			targetProxy = 5BB686862C3FD44600AC9628 /* PBXContainerItemProxy */;
		};
/* End PBXTargetDependency section */

/* Begin PBXVariantGroup section */
		5BB686732C3FD44600AC9628 /* LaunchScreen.storyboard */ = {
			isa = PBXVariantGroup;
			children = (
				5BB686742C3FD44600AC9628 /* Base */,
				5BB686B02C47CC9900AC9628 /* ko */,
			);
			name = LaunchScreen.storyboard;
			sourceTree = "<group>";
		};
/* End PBXVariantGroup section */

/* Begin XCBuildConfiguration section */
		5BB6868D2C3FD44600AC9628 /* Debug */ = {
			isa = XCBuildConfiguration;
			buildSettings = {
				ALWAYS_SEARCH_USER_PATHS = NO;
				ASSETCATALOG_COMPILER_GENERATE_SWIFT_ASSET_SYMBOL_EXTENSIONS = YES;
				CLANG_ANALYZER_LOCALIZABILITY_NONLOCALIZED = YES;
				CLANG_ANALYZER_NONNULL = YES;
				CLANG_ANALYZER_NUMBER_OBJECT_CONVERSION = YES_AGGRESSIVE;
				CLANG_CXX_LANGUAGE_STANDARD = "gnu++20";
				CLANG_ENABLE_MODULES = YES;
				CLANG_ENABLE_OBJC_ARC = YES;
				CLANG_ENABLE_OBJC_WEAK = YES;
				CLANG_WARN_BLOCK_CAPTURE_AUTORELEASING = YES;
				CLANG_WARN_BOOL_CONVERSION = YES;
				CLANG_WARN_COMMA = YES;
				CLANG_WARN_CONSTANT_CONVERSION = YES;
				CLANG_WARN_DEPRECATED_OBJC_IMPLEMENTATIONS = YES;
				CLANG_WARN_DIRECT_OBJC_ISA_USAGE = YES_ERROR;
				CLANG_WARN_DOCUMENTATION_COMMENTS = YES;
				CLANG_WARN_EMPTY_BODY = YES;
				CLANG_WARN_ENUM_CONVERSION = YES;
				CLANG_WARN_INFINITE_RECURSION = YES;
				CLANG_WARN_INT_CONVERSION = YES;
				CLANG_WARN_NON_LITERAL_NULL_CONVERSION = YES;
				CLANG_WARN_OBJC_IMPLICIT_RETAIN_SELF = YES;
				CLANG_WARN_OBJC_LITERAL_CONVERSION = YES;
				CLANG_WARN_OBJC_ROOT_CLASS = YES_ERROR;
				CLANG_WARN_QUOTED_INCLUDE_IN_FRAMEWORK_HEADER = YES;
				CLANG_WARN_RANGE_LOOP_ANALYSIS = YES;
				CLANG_WARN_STRICT_PROTOTYPES = YES;
				CLANG_WARN_SUSPICIOUS_MOVE = YES;
				CLANG_WARN_UNGUARDED_AVAILABILITY = YES_AGGRESSIVE;
				CLANG_WARN_UNREACHABLE_CODE = YES;
				CLANG_WARN__DUPLICATE_METHOD_MATCH = YES;
				COPY_PHASE_STRIP = NO;
				DEBUG_INFORMATION_FORMAT = dwarf;
				ENABLE_STRICT_OBJC_MSGSEND = YES;
				ENABLE_TESTABILITY = YES;
				ENABLE_USER_SCRIPT_SANDBOXING = YES;
				GCC_C_LANGUAGE_STANDARD = gnu17;
				GCC_DYNAMIC_NO_PIC = NO;
				GCC_NO_COMMON_BLOCKS = YES;
				GCC_OPTIMIZATION_LEVEL = 0;
				GCC_PREPROCESSOR_DEFINITIONS = (
					"DEBUG=1",
					"$(inherited)",
				);
				GCC_WARN_64_TO_32_BIT_CONVERSION = YES;
				GCC_WARN_ABOUT_RETURN_TYPE = YES_ERROR;
				GCC_WARN_UNDECLARED_SELECTOR = YES;
				GCC_WARN_UNINITIALIZED_AUTOS = YES_AGGRESSIVE;
				GCC_WARN_UNUSED_FUNCTION = YES;
				GCC_WARN_UNUSED_VARIABLE = YES;
				IPHONEOS_DEPLOYMENT_TARGET = 17.5;
				LOCALIZATION_PREFERS_STRING_CATALOGS = YES;
				MTL_ENABLE_DEBUG_INFO = INCLUDE_SOURCE;
				MTL_FAST_MATH = YES;
				ONLY_ACTIVE_ARCH = YES;
				SDKROOT = iphoneos;
				SWIFT_ACTIVE_COMPILATION_CONDITIONS = "DEBUG $(inherited)";
				SWIFT_OPTIMIZATION_LEVEL = "-Onone";
			};
			name = Debug;
		};
		5BB6868E2C3FD44600AC9628 /* Release */ = {
			isa = XCBuildConfiguration;
			buildSettings = {
				ALWAYS_SEARCH_USER_PATHS = NO;
				ASSETCATALOG_COMPILER_GENERATE_SWIFT_ASSET_SYMBOL_EXTENSIONS = YES;
				CLANG_ANALYZER_LOCALIZABILITY_NONLOCALIZED = YES;
				CLANG_ANALYZER_NONNULL = YES;
				CLANG_ANALYZER_NUMBER_OBJECT_CONVERSION = YES_AGGRESSIVE;
				CLANG_CXX_LANGUAGE_STANDARD = "gnu++20";
				CLANG_ENABLE_MODULES = YES;
				CLANG_ENABLE_OBJC_ARC = YES;
				CLANG_ENABLE_OBJC_WEAK = YES;
				CLANG_WARN_BLOCK_CAPTURE_AUTORELEASING = YES;
				CLANG_WARN_BOOL_CONVERSION = YES;
				CLANG_WARN_COMMA = YES;
				CLANG_WARN_CONSTANT_CONVERSION = YES;
				CLANG_WARN_DEPRECATED_OBJC_IMPLEMENTATIONS = YES;
				CLANG_WARN_DIRECT_OBJC_ISA_USAGE = YES_ERROR;
				CLANG_WARN_DOCUMENTATION_COMMENTS = YES;
				CLANG_WARN_EMPTY_BODY = YES;
				CLANG_WARN_ENUM_CONVERSION = YES;
				CLANG_WARN_INFINITE_RECURSION = YES;
				CLANG_WARN_INT_CONVERSION = YES;
				CLANG_WARN_NON_LITERAL_NULL_CONVERSION = YES;
				CLANG_WARN_OBJC_IMPLICIT_RETAIN_SELF = YES;
				CLANG_WARN_OBJC_LITERAL_CONVERSION = YES;
				CLANG_WARN_OBJC_ROOT_CLASS = YES_ERROR;
				CLANG_WARN_QUOTED_INCLUDE_IN_FRAMEWORK_HEADER = YES;
				CLANG_WARN_RANGE_LOOP_ANALYSIS = YES;
				CLANG_WARN_STRICT_PROTOTYPES = YES;
				CLANG_WARN_SUSPICIOUS_MOVE = YES;
				CLANG_WARN_UNGUARDED_AVAILABILITY = YES_AGGRESSIVE;
				CLANG_WARN_UNREACHABLE_CODE = YES;
				CLANG_WARN__DUPLICATE_METHOD_MATCH = YES;
				COPY_PHASE_STRIP = NO;
				DEBUG_INFORMATION_FORMAT = "dwarf-with-dsym";
				ENABLE_NS_ASSERTIONS = NO;
				ENABLE_STRICT_OBJC_MSGSEND = YES;
				ENABLE_USER_SCRIPT_SANDBOXING = YES;
				GCC_C_LANGUAGE_STANDARD = gnu17;
				GCC_NO_COMMON_BLOCKS = YES;
				GCC_WARN_64_TO_32_BIT_CONVERSION = YES;
				GCC_WARN_ABOUT_RETURN_TYPE = YES_ERROR;
				GCC_WARN_UNDECLARED_SELECTOR = YES;
				GCC_WARN_UNINITIALIZED_AUTOS = YES_AGGRESSIVE;
				GCC_WARN_UNUSED_FUNCTION = YES;
				GCC_WARN_UNUSED_VARIABLE = YES;
				IPHONEOS_DEPLOYMENT_TARGET = 17.5;
				LOCALIZATION_PREFERS_STRING_CATALOGS = YES;
				MTL_ENABLE_DEBUG_INFO = NO;
				MTL_FAST_MATH = YES;
				SDKROOT = iphoneos;
				SWIFT_COMPILATION_MODE = wholemodule;
				VALIDATE_PRODUCT = YES;
			};
			name = Release;
		};
		5BB686902C3FD44600AC9628 /* Debug */ = {
			isa = XCBuildConfiguration;
			baseConfigurationReference = 66469D2E5FAD4503122E0262 /* Pods-AlbaWage.debug.xcconfig */;
			buildSettings = {
				ASSETCATALOG_COMPILER_APPICON_NAME = AppIcon;
				ASSETCATALOG_COMPILER_GLOBAL_ACCENT_COLOR_NAME = AccentColor;
				CODE_SIGN_STYLE = Automatic;
				CURRENT_PROJECT_VERSION = 1;
				DEVELOPMENT_TEAM = NCJMGH8Z64;
				ENABLE_USER_SCRIPT_SANDBOXING = NO;
				GENERATE_INFOPLIST_FILE = YES;
				INFOPLIST_FILE = AlbaWage/Info.plist;
				INFOPLIST_KEY_LSApplicationCategoryType = "public.app-category.finance";
				INFOPLIST_KEY_UIApplicationSupportsIndirectInputEvents = YES;
				INFOPLIST_KEY_UILaunchStoryboardName = LaunchScreen;
				INFOPLIST_KEY_UISupportedInterfaceOrientations = UIInterfaceOrientationPortrait;
				INFOPLIST_KEY_UISupportedInterfaceOrientations_iPad = "UIInterfaceOrientationLandscapeLeft UIInterfaceOrientationLandscapeRight UIInterfaceOrientationPortrait UIInterfaceOrientationPortraitUpsideDown";
				IPHONEOS_DEPLOYMENT_TARGET = 16.0;
				LD_RUNPATH_SEARCH_PATHS = (
					"$(inherited)",
					"@executable_path/Frameworks",
				);
				MARKETING_VERSION = 1.0;
				PRODUCT_BUNDLE_IDENTIFIER = com.snmac.AlbaWage;
				PRODUCT_NAME = "$(TARGET_NAME)";
				SUPPORTED_PLATFORMS = "iphoneos iphonesimulator";
				SUPPORTS_MACCATALYST = NO;
				SUPPORTS_MAC_DESIGNED_FOR_IPHONE_IPAD = NO;
				SUPPORTS_XR_DESIGNED_FOR_IPHONE_IPAD = NO;
				SWIFT_EMIT_LOC_STRINGS = YES;
				SWIFT_VERSION = 5.0;
				TARGETED_DEVICE_FAMILY = 1;
			};
			name = Debug;
		};
		5BB686912C3FD44600AC9628 /* Release */ = {
			isa = XCBuildConfiguration;
			baseConfigurationReference = 9ACAA4C787C14F9E543A61C5 /* Pods-AlbaWage.release.xcconfig */;
			buildSettings = {
				ASSETCATALOG_COMPILER_APPICON_NAME = AppIcon;
				ASSETCATALOG_COMPILER_GLOBAL_ACCENT_COLOR_NAME = AccentColor;
				CODE_SIGN_STYLE = Automatic;
				CURRENT_PROJECT_VERSION = 1;
				DEVELOPMENT_TEAM = NCJMGH8Z64;
				ENABLE_USER_SCRIPT_SANDBOXING = NO;
				GENERATE_INFOPLIST_FILE = YES;
				INFOPLIST_FILE = AlbaWage/Info.plist;
				INFOPLIST_KEY_LSApplicationCategoryType = "public.app-category.finance";
				INFOPLIST_KEY_UIApplicationSupportsIndirectInputEvents = YES;
				INFOPLIST_KEY_UILaunchStoryboardName = LaunchScreen;
				INFOPLIST_KEY_UISupportedInterfaceOrientations = UIInterfaceOrientationPortrait;
				INFOPLIST_KEY_UISupportedInterfaceOrientations_iPad = "UIInterfaceOrientationLandscapeLeft UIInterfaceOrientationLandscapeRight UIInterfaceOrientationPortrait UIInterfaceOrientationPortraitUpsideDown";
				IPHONEOS_DEPLOYMENT_TARGET = 16.0;
				LD_RUNPATH_SEARCH_PATHS = (
					"$(inherited)",
					"@executable_path/Frameworks",
				);
				MARKETING_VERSION = 1.0;
				PRODUCT_BUNDLE_IDENTIFIER = com.snmac.AlbaWage;
				PRODUCT_NAME = "$(TARGET_NAME)";
				SUPPORTED_PLATFORMS = "iphoneos iphonesimulator";
				SUPPORTS_MACCATALYST = NO;
				SUPPORTS_MAC_DESIGNED_FOR_IPHONE_IPAD = NO;
				SUPPORTS_XR_DESIGNED_FOR_IPHONE_IPAD = NO;
				SWIFT_EMIT_LOC_STRINGS = YES;
				SWIFT_VERSION = 5.0;
				TARGETED_DEVICE_FAMILY = 1;
			};
			name = Release;
		};
		5BB686932C3FD44600AC9628 /* Debug */ = {
			isa = XCBuildConfiguration;
			baseConfigurationReference = BF7E62891ABCC87F9751F102 /* Pods-AlbaWageTests.debug.xcconfig */;
			buildSettings = {
				BUNDLE_LOADER = "$(TEST_HOST)";
				CODE_SIGN_STYLE = Automatic;
				CURRENT_PROJECT_VERSION = 1;
				DEVELOPMENT_TEAM = NCJMGH8Z64;
				ENABLE_USER_SCRIPT_SANDBOXING = NO;
				GENERATE_INFOPLIST_FILE = YES;
				IPHONEOS_DEPLOYMENT_TARGET = 16.0;
				MARKETING_VERSION = 1.0;
				PRODUCT_BUNDLE_IDENTIFIER = "github.com-SNMac.AlbaSalaryTests";
				PRODUCT_NAME = "$(TARGET_NAME)";
				SWIFT_EMIT_LOC_STRINGS = NO;
				SWIFT_VERSION = 5.0;
				TARGETED_DEVICE_FAMILY = "1,2";
				TEST_HOST = "$(BUILT_PRODUCTS_DIR)/AlbaWage.app/$(BUNDLE_EXECUTABLE_FOLDER_PATH)/AlbaWage";
			};
			name = Debug;
		};
		5BB686942C3FD44600AC9628 /* Release */ = {
			isa = XCBuildConfiguration;
			baseConfigurationReference = 6D6ECC216F48581F3D72EFAA /* Pods-AlbaWageTests.release.xcconfig */;
			buildSettings = {
				BUNDLE_LOADER = "$(TEST_HOST)";
				CODE_SIGN_STYLE = Automatic;
				CURRENT_PROJECT_VERSION = 1;
				DEVELOPMENT_TEAM = NCJMGH8Z64;
				ENABLE_USER_SCRIPT_SANDBOXING = NO;
				GENERATE_INFOPLIST_FILE = YES;
				IPHONEOS_DEPLOYMENT_TARGET = 16.0;
				MARKETING_VERSION = 1.0;
				PRODUCT_BUNDLE_IDENTIFIER = "github.com-SNMac.AlbaSalaryTests";
				PRODUCT_NAME = "$(TARGET_NAME)";
				SWIFT_EMIT_LOC_STRINGS = NO;
				SWIFT_VERSION = 5.0;
				TARGETED_DEVICE_FAMILY = "1,2";
				TEST_HOST = "$(BUILT_PRODUCTS_DIR)/AlbaWage.app/$(BUNDLE_EXECUTABLE_FOLDER_PATH)/AlbaWage";
			};
			name = Release;
		};
		5BB686962C3FD44600AC9628 /* Debug */ = {
			isa = XCBuildConfiguration;
			baseConfigurationReference = BF7FBDA93FCFB8E869D2A8ED /* Pods-AlbaWage-AlbaWageUITests.debug.xcconfig */;
			buildSettings = {
				CODE_SIGN_STYLE = Automatic;
				CURRENT_PROJECT_VERSION = 1;
				DEVELOPMENT_TEAM = NCJMGH8Z64;
				ENABLE_USER_SCRIPT_SANDBOXING = NO;
				GENERATE_INFOPLIST_FILE = YES;
				IPHONEOS_DEPLOYMENT_TARGET = 16.0;
				MARKETING_VERSION = 1.0;
				PRODUCT_BUNDLE_IDENTIFIER = "github.com-SNMac.AlbaSalaryUITests";
				PRODUCT_NAME = "$(TARGET_NAME)";
				SWIFT_EMIT_LOC_STRINGS = NO;
				SWIFT_VERSION = 5.0;
				TARGETED_DEVICE_FAMILY = "1,2";
				TEST_TARGET_NAME = AlbaSalary;
			};
			name = Debug;
		};
		5BB686972C3FD44600AC9628 /* Release */ = {
			isa = XCBuildConfiguration;
			baseConfigurationReference = C10CEC480588A396746E70BF /* Pods-AlbaWage-AlbaWageUITests.release.xcconfig */;
			buildSettings = {
				CODE_SIGN_STYLE = Automatic;
				CURRENT_PROJECT_VERSION = 1;
				DEVELOPMENT_TEAM = NCJMGH8Z64;
				ENABLE_USER_SCRIPT_SANDBOXING = NO;
				GENERATE_INFOPLIST_FILE = YES;
				IPHONEOS_DEPLOYMENT_TARGET = 16.0;
				MARKETING_VERSION = 1.0;
				PRODUCT_BUNDLE_IDENTIFIER = "github.com-SNMac.AlbaSalaryUITests";
				PRODUCT_NAME = "$(TARGET_NAME)";
				SWIFT_EMIT_LOC_STRINGS = NO;
				SWIFT_VERSION = 5.0;
				TARGETED_DEVICE_FAMILY = "1,2";
				TEST_TARGET_NAME = AlbaSalary;
			};
			name = Release;
		};
/* End XCBuildConfiguration section */

/* Begin XCConfigurationList section */
		5BB686602C3FD44500AC9628 /* Build configuration list for PBXProject "AlbaWage" */ = {
			isa = XCConfigurationList;
			buildConfigurations = (
				5BB6868D2C3FD44600AC9628 /* Debug */,
				5BB6868E2C3FD44600AC9628 /* Release */,
			);
			defaultConfigurationIsVisible = 0;
			defaultConfigurationName = Release;
		};
		5BB6868F2C3FD44600AC9628 /* Build configuration list for PBXNativeTarget "AlbaWage" */ = {
			isa = XCConfigurationList;
			buildConfigurations = (
				5BB686902C3FD44600AC9628 /* Debug */,
				5BB686912C3FD44600AC9628 /* Release */,
			);
			defaultConfigurationIsVisible = 0;
			defaultConfigurationName = Release;
		};
		5BB686922C3FD44600AC9628 /* Build configuration list for PBXNativeTarget "AlbaWageTests" */ = {
			isa = XCConfigurationList;
			buildConfigurations = (
				5BB686932C3FD44600AC9628 /* Debug */,
				5BB686942C3FD44600AC9628 /* Release */,
			);
			defaultConfigurationIsVisible = 0;
			defaultConfigurationName = Release;
		};
		5BB686952C3FD44600AC9628 /* Build configuration list for PBXNativeTarget "AlbaWageUITests" */ = {
			isa = XCConfigurationList;
			buildConfigurations = (
				5BB686962C3FD44600AC9628 /* Debug */,
				5BB686972C3FD44600AC9628 /* Release */,
			);
			defaultConfigurationIsVisible = 0;
			defaultConfigurationName = Release;
		};
/* End XCConfigurationList section */
	};
	rootObject = 5BB6865D2C3FD44500AC9628 /* Project object */;
}
